
Microsoft Visual Studio Solution File, Format Version 12.00
# Visual Studio Version 16
VisualStudioVersion = 16.0.35325.158
MinimumVisualStudioVersion = 10.0.40219.1
Project("{FAE04EC0-301F-11D3-BF4B-00C04F79EFBC}") = "Assessment1", "Assessment1\Assessment1.csproj", "{941D3D5A-7499-4E50-8E69-B1B2CB8BF1B5}"
EndProject
Global
	GlobalSection(SolutionConfigurationPlatforms) = preSolution
		Debug|Any CPU = Debug|Any CPU
		Release|Any CPU = Release|Any CPU
	EndGlobalSection
	GlobalSection(ProjectConfigurationPlatforms) = postSolution
		{941D3D5A-7499-4E50-8E69-B1B2CB8BF1B5}.Debug|Any CPU.ActiveCfg = Debug|Any CPU
		{941D3D5A-7499-4E50-8E69-B1B2CB8BF1B5}.Debug|Any CPU.Build.0 = Debug|Any CPU
		{941D3D5A-7499-4E50-8E69-B1B2CB8BF1B5}.Release|Any CPU.ActiveCfg = Release|Any CPU
		{941D3D5A-7499-4E50-8E69-B1B2CB8BF1B5}.Release|Any CPU.Build.0 = Release|Any CPU
	EndGlobalSection
	GlobalSection(SolutionProperties) = preSolution
		HideSolutionNode = FALSE
	EndGlobalSection
	GlobalSection(ExtensibilityGlobals) = postSolution
		SolutionGuid = {6E4E74A8-F40A-46FA-9CA7-D2D29D31C3EC}
	EndGlobalSection
EndGlobal
