
Microsoft Visual Studio Solution File, Format Version 12.00
# Visual Studio Version 16
VisualStudioVersion = 16.0.35325.158
MinimumVisualStudioVersion = 10.0.40219.1
Project("{FAE04EC0-301F-11D3-BF4B-00C04F79EFBC}") = "Railway_Reservation", "Railway_Reservation\Railway_Reservation.csproj", "{F2918483-D089-4240-BAC2-2EA6D3539317}"
EndProject
Global
	GlobalSection(SolutionConfigurationPlatforms) = preSolution
		Debug|Any CPU = Debug|Any CPU
		Release|Any CPU = Release|Any CPU
	EndGlobalSection
	GlobalSection(ProjectConfigurationPlatforms) = postSolution
		{F2918483-D089-4240-BAC2-2EA6D3539317}.Debug|Any CPU.ActiveCfg = Debug|Any CPU
		{F2918483-D089-4240-BAC2-2EA6D3539317}.Debug|Any CPU.Build.0 = Debug|Any CPU
		{F2918483-D089-4240-BAC2-2EA6D3539317}.Release|Any CPU.ActiveCfg = Release|Any CPU
		{F2918483-D089-4240-BAC2-2EA6D3539317}.Release|Any CPU.Build.0 = Release|Any CPU
	EndGlobalSection
	GlobalSection(SolutionProperties) = preSolution
		HideSolutionNode = FALSE
	EndGlobalSection
	GlobalSection(ExtensibilityGlobals) = postSolution
		SolutionGuid = {6B6D88B2-FBAE-4B12-80A5-D2743D4FA500}
	EndGlobalSection
EndGlobal
